#
# This file is autogenerated by pip-compile with Python 3.11
# by the following command:
#
#    pip-compile --allow-unsafe --generate-hashes --output-file=satellite/requirements.lock --strip-extras satellite/requirements.txt
#
certifi==2026.7.22 \
    --hash=sha256:62f22742b58a1a33014a2b6b706588a8d7e2a88ae7bd1a6ebe8c992928483775 \
    --hash=sha256:741e2c3b351ddf169a738da9f2c048608ff7f2c5cc02f1ebc6b118bb090d5d55
    # via requests
cffi==2.1.0 \
    --hash=sha256:02cb7ff33ded4f1532476731f89ede53e2e488a8e6205515a82144246ffa7dcc \
    --hash=sha256:03e9810d18c646077e501f661b682fbf5dee4676048527ca3cffe66faa9960dd \
    --hash=sha256:0520e1f4c35f44e209cbbb421b67eec42e6a157f59444dfb6058874ff3610e5d \
    --hash=sha256:0582a58f3051372229ca8e7f5f589f9e5632678208d8636fea3676711fdf7fe5 \
    --hash=sha256:0611e7ebf90573a535ebdc33ae9da222d037853983e13359f580fab781ca017f \
    --hash=sha256:0a42c688d19fca6e095a53c6a6e2295a5b050a8b289f109adab02a9e61a25de6 \
    --hash=sha256:0a96b74cda968eebbad56d973efe5098974f0a9fb323865bf99ea1fd24e3e64c \
    --hash=sha256:10537b1df4967ca26d21e5072d7d54188354483b91dc75058968d3f0cf13fbda \
    --hash=sha256:11b3fb55f4f8ad92274ed26705f65d8f91457de71f5380061eb6d125a768fecd \
    --hash=sha256:15faec4adfff450819f3aee0e2e02c812de6edb88203aa58807955db2003472a \
    --hash=sha256:164bff1657b2a74f0b6d54e11c9b375bc97b931f2ca9c43fcf875838da1570dd \
    --hash=sha256:1854b724d00f6654c742097d5387569021be12d3a0f770eae1df8f8acfcc6acd \
    --hash=sha256:19c54ac121cad98450b4896fa9a43ee0180d57bc4bc911a33db6cab1efab6cd3 \
    --hash=sha256:1b96bfe2c4bd825681b7d311ad6d9b7280a091f43e8f63da5729638083cd3bfb \
    --hash=sha256:1e9f50d192a3e525b15a75ab5114e442d83d657b7ec29182a991bc9a88fd3a66 \
    --hash=sha256:1ff3456eab0d889592d1936d6125bbfbc7ae4d3354a700f8bd80450a66445d4d \
    --hash=sha256:2282cd5e38aa8accd03e99d1256af8411c84cdbee6a89d841b563fdbd1f3e50f \
    --hash=sha256:276f20fffd7b396e12516ba8edf9509210ac248cbbc5acbc39cd512f9f59ebe6 \
    --hash=sha256:2b71d409cccee78310ab5dec549aed052aaea483346e282c7b02362596e01bb0 \
    --hash=sha256:2e9dabb9abcb7ad15938c7196ad5c1718a4e6d33cc79b4c0209bdb64c4a54a5c \
    --hash=sha256:30b65779d598c370374fefabf138d456fd6f3216bfa7bedfab1ba82025b0cd93 \
    --hash=sha256:33eb1ad83ebe8f313e0df035c406227d55a79456704a863fad9842136af5ad7d \
    --hash=sha256:35aaea0c7ee0e58a5cd8c2fd1a48fdf7ece0d2699b7ecdda08194e9ce5dd9b3d \
    --hash=sha256:3681e031db29958a7502f5c0c9d6bbc4c36cb20f7b104086fa642d1799631ff8 \
    --hash=sha256:379de10ce1ba048b1448599d1b37b24caee16309d1ac98d3982fc997f768700b \
    --hash=sha256:37f525a7e7e50c017fdebe58b787be310ad59357ae43a053943a6e1a6c526001 \
    --hash=sha256:3b926723c13eba9f81d2ef3820d63aeceec3b2d4639906047bf675cb8a7a500d \
    --hash=sha256:3d7f118b5adbfdfead90c25822690b02bc8074fba949bb7858bec4ebd55adb43 \
    --hash=sha256:46b1c8db8f6122420f32d02fffb924c2fe9bc772d228c7c711748fff56aabb2b \
    --hash=sha256:47ff3a8bfd8cb9da1af7524b965127095055654c177fcfc7578debcb015eecd0 \
    --hash=sha256:4d433a51f1870e43a13b6732f92aaf540ff77c2015097c78556f75a2d6c030e0 \
    --hash=sha256:4f26194e3d95e06501b942642855aed4f953d55e95d7d01b7c4483db3ecff458 \
    --hash=sha256:510aeeeac94811b138077451da1fb18b308a5feab47dd2b603af55804155e1c8 \
    --hash=sha256:5972433ad71a9e46516584ef60a0fda12d9dc459938d1539c3ddecf9bdc1368d \
    --hash=sha256:5ecbd0499275d57506d397eebe1981cee87b47fcd9ef5c22cab7ed7644a39a94 \
    --hash=sha256:6274dcb2d15cef48daa73ed1be5a40d501d74dccd0cd6db364776d12cb6ba022 \
    --hash=sha256:63960549e4f8dc41e31accb97b975abaecfc44c03e396c093a6436763c2ea7db \
    --hash=sha256:64c753a0f87a256020004f37a1c8c02c480e725f910f0b2a0f3f07debd1b2479 \
    --hash=sha256:6af371f3767faeffc6ac1ef57cdfd25844403e9d3f476c5537caee499de96376 \
    --hash=sha256:6ca4919c6e4f89aa99c42510b42cf54596892c00b3f9077f6bdd1505e24b9c8d \
    --hash=sha256:6d194185eabd279f1c05ebe3504265ddfc5ad2b58d0714f7db9f01da592e9eb6 \
    --hash=sha256:702c436735fbe99d59ada02a1f65cfc0d31c0ee8b7290912f8fbc5cd1e4b16c3 \
    --hash=sha256:716ff8ec22f20b4d988b12884086bcef0fc99737043e503f7a3935a6be99b1ea \
    --hash=sha256:762f99479dcb369f60ab9017ad4ab97a36a1dd7c1ee5a3b15db0f4b8659120cd \
    --hash=sha256:7762faa47e8ff7eb80bd261d9a7d8eea2d8baa69de5e95b70c1f338bbe712f02 \
    --hash=sha256:78474632761faa0fb96f30b1c928c84ebcf68713cbb80d15bab09dfe61640fde \
    --hash=sha256:799416bae98336e400981ff6e532d67d5c709cfb30afb79865a1315f94b0e224 \
    --hash=sha256:7d034dcffa09e9a46c93fa3a3be402096cb5354ac6e41ab8e5cc9cd8b642ad76 \
    --hash=sha256:7d28dff1db6764108bc30788d85d61c876beff416d9a49cb9dd7c5a9f34f5804 \
    --hash=sha256:7d3538f9c0e50670f4deb93dbb696576e60590369cae2faf7de681e597a8a1f1 \
    --hash=sha256:7d5980a3433d4b71a5e120f9dd551403d7824e31e2e67124fe2769c404c06913 \
    --hash=sha256:7ea6b3e2c4250ff1de21c630fe72d0f63eb95c2c32ffbf64a358cf4a8836d714 \
    --hash=sha256:86cf8755a791f72c85dc287128cc62d4f24d392e3f1e15837245623f4a33cccc \
    --hash=sha256:88023dfe18799507b73f1dbb0d14326a17465de1bc9c9c7655c22845e9ddc3a2 \
    --hash=sha256:89095c1968b4ba8285840e131bf2891b09ae137fe2146905acae0354fbce1b5e \
    --hash=sha256:8d35c139744adb3e727cd51b1a18324bbe44b8bd41bf8322bca4d41289f48eda \
    --hash=sha256:8e74a6135550c4748af665b1b1118b6aab33b1fc6a16f9aff630af107c3b4512 \
    --hash=sha256:8f9ec95b8a043d3dfbc74d9abc6f7baf524dd27a8dc160b0a32ff9cdab650c28 \
    --hash=sha256:90bec57cf82089383bd06a605b3eb8daebf7e5a668520beaf6e327a83a947699 \
    --hash=sha256:95f2954c2c9473d892eca6e0409f3568b37ab62a8eedb122461f73cc273476e3 \
    --hash=sha256:961be50688f7fba2fa65f63712d3b9b341a22311f5253460ce933f52f0de1c8c \
    --hash=sha256:98fff996e983a36d3aa2eca83af40c5821202e7e6f32d13ae94e3d2286f10cfe \
    --hash=sha256:9b8f0f26ca4e7513c534d351eca551947d053fac438f2a04ac96d882909b0d3a \
    --hash=sha256:9d72af0cf10a76a600a9690078fe31c63b9588c8e86bf9fd353f713c84b5db0f \
    --hash=sha256:9d8272c0e483b024e1b9ad029821470ed8ec65631dbd90217469da0e7cd89f1c \
    --hash=sha256:a016194dbe13d14ee9556e734b772d8d67b947092b268d757fd4290e3ba2dfc2 \
    --hash=sha256:a5781494d4d400a3f47f8f1da94b324f6e6b440a53387774002890a2a2f4b50f \
    --hash=sha256:a95b05f9baf29b91171b3a8bd2020b028835243e7b0ff6bb23e2a3c228518b1b \
    --hash=sha256:aa7a1b53a2a4452ada2d1b5dade9960b2522f1e61293a811a077439e39029565 \
    --hash=sha256:ac0f1a2d0cfa7eea3f2aaf006ab6e70e8feeb16b75d65b7e5939982ca2f11056 \
    --hash=sha256:af5e2915d41fe6c961694d7bfdc8562942638200f3ce2765dfb8b745cf997629 \
    --hash=sha256:b6422532152adf4e59b110cb2808cee7a033800952f5c036b4af047ee43199e7 \
    --hash=sha256:b65f590ef2a44640f9a05dbb548a429b4ade77913ce683ac8b1480777658a6c0 \
    --hash=sha256:ba00f661f8ba35d075c937174e27c2c421cec3942fd2e0ea3e66996757c0fdd9 \
    --hash=sha256:bccbbb5ee76a61f9d99b5bf3846a51d7fca4b6a732fe46f89295610edaf41853 \
    --hash=sha256:bf01d8c84cbea96b944c73b22182e6c7c432b3475632b8111dbfdc95ddad6e13 \
    --hash=sha256:bf5c6cf48238b0eb4c086978c492ad1cbc22373fc5b2d7353b3a598ce6db887a \
    --hash=sha256:c16914df9fb7f500e440e6875fa23ff5e0b31db01fa9c06af98d59a91f0dc2e4 \
    --hash=sha256:c351efb95e832a853a29361675f33a7ce53de1a109cd73fd47af0712213aa4ce \
    --hash=sha256:c4165821e131d6d4ca444347c2b694e2311bcfa3fe5a861cc72968f28867beac \
    --hash=sha256:c5f5df567f6eb216de69be06ce55c8b714090fae02b18a3b40da8163b8c5fa9c \
    --hash=sha256:c941bb58d5a6e1c3892d86e42927ed6c180302f07e6d395d08c416e594b98b46 \
    --hash=sha256:c97f080ea627e2863524c5af3836e2270b5f5dfff1f104392b959f8df0c5d384 \
    --hash=sha256:cb96698e3c7413d906ce83f8ffd245ec1bd94707541f299d0ce4d6b0193e982b \
    --hash=sha256:cbb7640ce37159548d2147b5b8c241f962143d4c71231431820783f4dc78f210 \
    --hash=sha256:cdf2448aab5f661c9315308ec8b93f4e8a1a67a3c733f8631067a2b67d5913dc \
    --hash=sha256:d2117334c3af3bdcb9a88522b844a2bdb5efdc4f71c6c822df55486ae1c3347a \
    --hash=sha256:d53d10f7da99ae46f7373b9150393e9c5eab9b224909982b43832668de4779f5 \
    --hash=sha256:d9fafc5aa2e2a39aaf7f8cc0c1f044a9b07fca12e558dca53a3cc5c654ad67a7 \
    --hash=sha256:db3eb7d46527159a878ec3460e9d40615bc25ba337d477db681aea6e4f05c5d2 \
    --hash=sha256:dbf7c7a88e2bac086f06d14577332760bdeecc42bdec8ac4077f6260557d9326 \
    --hash=sha256:df2b82571a1b30f58a87bf4e5a9e78d2b1eff6c6ce8fd3aa3757221f93f0863f \
    --hash=sha256:df92f2aba50eb4d96718b68ef76f2e57a57b54f2fa62333496d16c6d585a85ca \
    --hash=sha256:eb4e8997a49aa2c08a3e43c9045d224448b8941d88e7ac163c7d383e560cbf98 \
    --hash=sha256:efc1cdd798b1aaf39b4610bba7aad28c9bea9b910f25c784ccf9ec1fa719d1f9 \
    --hash=sha256:f146d154428a2523f9cc7936c02353c2459b8f6cf07d3cd1ee1c0a611109c5d5 \
    --hash=sha256:f5bce581e6b8c235e566a14768a943b172ada3ed73537bb0c0be1edee312d4e7 \
    --hash=sha256:f9912624a0c0b834b7520d7769b3644453aabc0a7e1c839da7359f050750e9bc \
    --hash=sha256:fb62edb5bb52cca65fab91a63afa7561607120d26090a7e8fda6fb9f064726da \
    --hash=sha256:ff067a8d8d880e7809e4ac88eb009bb848870115317b306666502ccad30b147f
    # via sounddevice
charset-normalizer==3.4.9 \
    --hash=sha256:0327fcd59a935777d83410750c50600ee9571af2846f71ce40f25b13da1ef380 \
    --hash=sha256:03d07803992c6c7bbc976327f34b18b6160327fc81cb82c9d504720ac0be3b62 \
    --hash=sha256:04ce310cb89c15df659582aee80a0603788732a5e017d5bd5c81158106ce249c \
    --hash=sha256:0d861473f743244d349b50f850d10eb87aeb22bbdcc8e64f79273c94af5a8226 \
    --hash=sha256:0e94703ec9684807f20cfb5eed95c70f67f2a8f21ad620146d7b5a13677b93e5 \
    --hash=sha256:0fa1aec2d32bcc03c8fa0f6f1712caad1adc38509f31142112e5c9daf5b9c833 \
    --hash=sha256:16b65ea0f2465b6fb52aa22de5eca612aa964ddfec00a912e26f4656cbef890b \
    --hash=sha256:16d10d789dd9bcca1173c95af82c58433122564b7bc39385124be735a35cbe99 \
    --hash=sha256:19ac87f93086ce37b86e098888555c4b4bc48102279bae3350098c0ed664b501 \
    --hash=sha256:1d22856ffbe153a602df38e4a5464f0b748a54002e0d69ac6d2ad0a197cc99ec \
    --hash=sha256:21e764fd1e70b6a3e205a0e46f3051701f98a8cb3fad66eeb80e48bb502f8698 \
    --hash=sha256:231ddcbb35e2ff8973e1365db41fe0572662893b99a05deb183b68ad4c0c8bd4 \
    --hash=sha256:253a4a220747e8b5faf57ec320c4f5efb0cef05f647420bf267143ec15dba10a \
    --hash=sha256:280081916dc341820640489a66e4696049401ef1cf6dd672f672e70ad915aca3 \
    --hash=sha256:2a441ea71902098ffe78c5abe6c494f44160b4af614ed16c3d9a3b1d17fd8ee2 \
    --hash=sha256:304b13570067b2547562e308af560b3963857b1fa90bd6afd978130130fe2d6a \
    --hash=sha256:32286a2c8d167e897177b673176c1e3e00d4057caf5d2b64eef9a3666b03018e \
    --hash=sha256:33bdcc2a32c0a0e861f60841a512c8acc658c87c2ac59d89e3a46dacf7d866e4 \
    --hash=sha256:375b83ed0aecfce76c16d198fbc21f3b11b337d68662bea0a995046682a11419 \
    --hash=sha256:3c09a49d6cde137258beb3d551994a2927fd35ad5cf96aed573f61bbd67c5f84 \
    --hash=sha256:3d92613ec25e43b05f042302531ec0f00b8445190e43325880cbd6ab7c2581da \
    --hash=sha256:40a126142a56b2dfc0aacbad1de8310cbf60da7656db0e6b16eebd48e3e93519 \
    --hash=sha256:416c229f77e5ea25b3dfd4b582f8d73d7e43c22320302b9ab128a2d3a0b38efe \
    --hash=sha256:432786d3561e69aeeae6c7e8648964ce0ad05736120135601f87ac26b9c83381 \
    --hash=sha256:43b9e366a31fdd1c87d0eb08f579b4a82b723ea54338f040d6b4e518a026ea29 \
    --hash=sha256:440eede837960000d74978f0eba527be106b5b9aee0daf779d395276ed0b0614 \
    --hash=sha256:45b0cc4e3556cd875e09102988d1ab8356c998b596c9fced84547c8138b487a0 \
    --hash=sha256:476743fe6dfe14a2da12e3ac79125dc84a3b2cf8094369a47a1529b0cd8549fe \
    --hash=sha256:4773092f8019072343a7447203308b176e10199920eb02d6195e81bbb3274c29 \
    --hash=sha256:4b3dac63058cc36820b0dd072f89898604e2d39686fe05321729d00d8ac185a0 \
    --hash=sha256:4d1c96a7a18b9690a4d46df09e3e3382406ae3213727cd1019ebade1c4a81917 \
    --hash=sha256:51307f5c71007673a2bf8232ad973483d281e74cb99c8c5a990af1eefa6277d9 \
    --hash=sha256:51447e9aa2684679af07ca5021c3db526e0284347ebf4ffcec1154c3350cfe32 \
    --hash=sha256:58150c9f9b9a552505912d182ccdf26f6396fb6094816ceebcbb20eecabaed94 \
    --hash=sha256:5b10cd92fc5c498b35a8635df6d5a100207f88b63a4dc1de7ef9a548e1e2cd63 \
    --hash=sha256:5e226f6218febc71f6c1fc2fafb91c226f75bdc1d8fb12d66823716e891608fd \
    --hash=sha256:609b3ba8fcc0fb5ab7af00719d0fb6ad0cb518e48e7712d12fd68f1327951198 \
    --hash=sha256:60f44ade2cf573dad7a277e6f8ca9a51a21dda572b13bd7d8539bb3cd5dbedde \
    --hash=sha256:611057cc5d5c0afc743ba8be6bd828c17e0aaa8643f9d0a9b9bb7dea80eb8012 \
    --hash=sha256:6366a16e1a25018694d6a5d784d09b046edc9eac40ea2b54065c3052672516a1 \
    --hash=sha256:65a7ff3f705e57d392f7261b6d0550fe137c3019477431f1c355e0db0a7d3e15 \
    --hash=sha256:673611bbd43f0810bec0b0f028ddeaaa501190339cac411f347ac76917c3ae7b \
    --hash=sha256:67830fc78e67501f47bb950471b2dcb9b35b140084429318e862895a8e89c993 \
    --hash=sha256:68ce9f4d6b26d5ccbf7fd4459bf75f74a0a146677ebba80597df60cbdb20e6f4 \
    --hash=sha256:68e5f26a1ad57ded6d1cfb85331d1c1a195314756471d97758c48498bb4dcdf5 \
    --hash=sha256:69b157c5d3292bcd443faca052f3096f637f1e074b98212a933c074ae23dc3b8 \
    --hash=sha256:75286256590a6320cf106a0d28970d3560aad9ee09aa7b34fb40524792436d35 \
    --hash=sha256:78841cccf1af7b40f6f716338d50c0902dbe88d9f800b3c973b7a9a0a693a642 \
    --hash=sha256:78fa18e436a1a0e58dbd7e02fc4473f3f32cceb12df9dfca542d075961c307d2 \
    --hash=sha256:79580094b00d1789d1f93ea55bc43cb2f611910c72235b7657f3482ddcc1b22d \
    --hash=sha256:7b86a2b16095d250c6f58b3d9b2eee6f4147754344f3dab0922f7c9bf7d226c9 \
    --hash=sha256:83aed2c10721ddd90f68140685391b50811a880af20654c59af6b6c66c40513c \
    --hash=sha256:84fd18bcc17526fc2b3c1af7d2b9217d32c9c04448c16ec693b9b4f1985c3d33 \
    --hash=sha256:871ff67ea1aad4dfd91736464934d56b32dac49f9fbe16cddba36198a7b3a0db \
    --hash=sha256:898f0e9068ca27d37f8e83a5b962821df851532e6c4a7d615c1c033f9da6eedf \
    --hash=sha256:8a79d9f4d8001473a30c163556b3c3bfebec837495a412dde78b51672f6134f9 \
    --hash=sha256:8c041122946b7ba21bb32c45b1aa57b1be35527690aeb3c5c234521085632eee \
    --hash=sha256:90c44bc373b7687f6948b693cceaea1348ae0975d7474746559494468e3c1d84 \
    --hash=sha256:9104ed0bd76a429d46f9ec0dbc9b08ad1d2dcdf2b00a5a0daa1c145329b35b44 \
    --hash=sha256:920079c3f7456fa213e0829ed2073aaa727fd39d889ead5b4f35d0de5460d04f \
    --hash=sha256:93d59d504b230e83c7a843251681959a0b6a9cd76f6e146ce1b8a80eb8739af9 \
    --hash=sha256:9b2aff1c7b3884512b9512c3eaadd9bab39fb45042ffaaa1dd08ff2b9f8109d9 \
    --hash=sha256:9b8e0f3107e2200b76f6054de99016eac3ee6762713587b36baaa7e4bd2ae177 \
    --hash=sha256:9bb41182d93ea91f60b4bc8fbf4c820c69ef8a12ab2d917f3f1834f1acad07e8 \
    --hash=sha256:9cdef90ae47919cae358d8ab15797a800ed41da7aba5d72419fb510729e2ed4b \
    --hash=sha256:a1786910334ed46ab1dd73222f2cd1e05c2c3bb39f6dddb4f8b36fc382058a39 \
    --hash=sha256:a4cfde78a9f2880208d16a93b795726a3017d5977e08d1e162a7a31322479c41 \
    --hash=sha256:a4fbdde9dd4a9ce5fd52c2b3a347bb50cc89483ef783f1cb00d408c13f7a96c0 \
    --hash=sha256:aa99adc8f081b475a12843953db36831eaf83ec33eb46a90629ca6a5de45a616 \
    --hash=sha256:ac351b3b8014eead140e77e9717e2992c6bbe30b63bc3422422eb84865412e3d \
    --hash=sha256:ad41ba96094304aa090f5a30cb6e4fb3b3f1c264c523394b4c39bbacc4dc92ba \
    --hash=sha256:b5314963fce9b0b12743891de876e724997864ee22aa496f903f426c7e2fa5b2 \
    --hash=sha256:bcf74c1df76758a395bf0af608c04c82257523f55c9868b334f06270d0f2112b \
    --hash=sha256:bd47ba7fc3ca94896759ea0109775132d3e7ab921fbf54038e1bab2e46c313c9 \
    --hash=sha256:c0323c9daef75ef2e5083624b4585018a0c9d5e3b40f607eed81a311270b934b \
    --hash=sha256:c1225416b463483160e4af85d5fc3a9690ccb53fd4b1865a6437825f5ede3209 \
    --hash=sha256:c1c948747b03be832dceed96ca815cef7360de9aa19d37c730f8e3f6101aca48 \
    --hash=sha256:c25fe15c70c59eb7c5ce8c06a1f3fa1da0ecc5ea1e7a5922c40fd2fa9b0d5046 \
    --hash=sha256:cc1b0fff8ead343dae06305f954eb8468ba0ec1a97881f42489d198e4ce3c632 \
    --hash=sha256:cd6280cf040f233bd7d3407b743b4b4c74f70e8e1c4199cb112a62c941c0772a \
    --hash=sha256:cd6c3d4b783c556fa00bf540854e42f135e2f256abd29669fcd0da0f2dec79c2 \
    --hash=sha256:d4d6fcde76f94f5cb9e43e9e9a61f16dacefd228cbbf6f1a09bd9b219a92f1a1 \
    --hash=sha256:ddf4af30b417d9fe16481e9b81c27ab2a7cde1ff7ba3e85653b02db7d145dc7b \
    --hash=sha256:df115d4d83168fdf2cae48ef1ff6d1cb4c466364e30861b37121de0f3bf1b990 \
    --hash=sha256:df7276909358e5635ae203673ab7e509ddd224225a8d6b0790bf13eb2bde1cc5 \
    --hash=sha256:e4fd89cc178bced6ad29cb3e6dd4aa63fa5017c3524dbd0b25998fb64a87cc8b \
    --hash=sha256:e9701d0049d92c16703a42771b98d560b95248949f23f8cf7b4eddd201814fb9 \
    --hash=sha256:ee2f2a527e3c1a6e6411eb4209642e138b544a2d72fe5d0d76daf77b24063534 \
    --hash=sha256:f7fb7d750cfa0a070d2c24e831fd3481019a60dd317ea2b39acbcebc08b6ed81 \
    --hash=sha256:f840ed6d8ecba8255df8c42b87fadeda98ddfc6eeec05e2dc66e26d46dd6f58a \
    --hash=sha256:f86c6358749bd4fda175388691e3ba8c46e24c5347d0afd20f9b7edfc9faf07d \
    --hash=sha256:fa36ec09ef71d158186bc79e359ff5fdd6e7996fe8ab638f00d6b93139ba4fcf \
    --hash=sha256:fe2c7201c642b7c308f1675355ad7ff7b66acfe3541625efe5a3ad38f29d6115
    # via requests
flatbuffers==25.12.19 \
    --hash=sha256:7634f50c427838bb021c2d66a3d1168e9d199b0607e6329399f04846d42e20b4
    # via onnxruntime
idna==3.18 \
    --hash=sha256:7f952cbe720b688055e3f87de14f5c3e5fdaa8bc3928985c4077ca689de849a2 \
    --hash=sha256:ffb385a7e039654cef1ab9ef32c6fafe283c0c0467bba1d9029738ce4a14a848
    # via requests
joblib==1.5.3 \
    --hash=sha256:5fc3c5039fc5ca8c0276333a188bbd59d6b7ab37fe6632daa76bc7f9ec18e713 \
    --hash=sha256:8561a3269e6801106863fd0d6d84bb737be9e7631e33aaed3fb9ce5953688da3
    # via scikit-learn
narwhals==2.24.0 \
    --hash=sha256:42fdedf44e5b2ca7505630d45b4ac3058f38d8485cba9fe1652ca23152df7489 \
    --hash=sha256:b5c0f684ccd9d7475b564111e319a4964abcf2baf79d3cf6b1003d06ac9b828d
    # via scikit-learn
numpy==2.4.2 \
    --hash=sha256:00ab83c56211a1d7c07c25e3217ea6695e50a3e2f255053686b081dc0b091a82 \
    --hash=sha256:068cdb2d0d644cdb45670810894f6a0600797a69c05f1ac478e8d31670b8ee75 \
    --hash=sha256:0f01dcf33e73d80bd8dc0f20a71303abbafa26a19e23f6b68d1aa9990af90257 \
    --hash=sha256:0fece1d1f0a89c16b03442eae5c56dc0be0c7883b5d388e0c03f53019a4bfd71 \
    --hash=sha256:12e26134a0331d8dbd9351620f037ec470b7c75929cb8a1537f6bfe411152a1a \
    --hash=sha256:1ae241bbfc6ae276f94a170b14785e561cb5e7f626b6688cf076af4110887413 \
    --hash=sha256:1f92f53998a17265194018d1cc321b2e96e900ca52d54c7c77837b71b9465181 \
    --hash=sha256:209fae046e62d0ce6435fcfe3b1a10537e858249b3d9b05829e2a05218296a85 \
    --hash=sha256:20abd069b9cda45874498b245c8015b18ace6de8546bf50dfa8cea1696ed06ef \
    --hash=sha256:21982668592194c609de53ba4933a7471880ccbaadcc52352694a59ecc860b3a \
    --hash=sha256:25f2059807faea4b077a2b6837391b5d830864b3543627f381821c646f31a63c \
    --hash=sha256:2653de5c24910e49c2b106499803124dde62a5a1fe0eedeaecf4309a5f639390 \
    --hash=sha256:2b8f157c8a6f20eb657e240f8985cc135598b2b46985c5bccbde7616dc9c6b1e \
    --hash=sha256:2fb882da679409066b4603579619341c6d6898fc83a8995199d5249f986e8e8f \
    --hash=sha256:40397bda92382fcec844066efb11f13e1c9a3e2a8e8f318fb72ed8b6db9f60f1 \
    --hash=sha256:444be170853f1f9d528428eceb55f12918e4fda5d8805480f36a002f1415e09b \
    --hash=sha256:47c5a6ed21d9452b10227e5e8a0e1c22979811cad7dcc19d8e3e2fb8fa03f1a3 \
    --hash=sha256:4f069069931240b3fc703f1e23df63443dbd6390614c8c44a87d96cd0ec81eb1 \
    --hash=sha256:52b913ec40ff7ae845687b0b34d8d93b60cb66dcee06996dd5c99f2fc9328657 \
    --hash=sha256:5633c0da313330fd20c484c78cdd3f9b175b55e1a766c4a174230c6b70ad8262 \
    --hash=sha256:5daf6f3914a733336dab21a05cdec343144600e964d2fcdabaac0c0269874b2a \
    --hash=sha256:5eea80d908b2c1f91486eb95b3fb6fab187e569ec9752ab7d9333d2e66bf2d6b \
    --hash=sha256:602f65afdef699cda27ec0b9224ae5dc43e328f4c24c689deaf77133dbee74d0 \
    --hash=sha256:659a6107e31a83c4e33f763942275fd278b21d095094044eb35569e86a21ddae \
    --hash=sha256:66cb9422236317f9d44b67b4d18f44efe6e9c7f8794ac0462978513359461554 \
    --hash=sha256:6d82351358ffbcdcd7b686b90742a9b86632d6c1c051016484fa0b326a0a1548 \
    --hash=sha256:6e9f61981ace1360e42737e2bae58b27bf28a1b27e781721047d84bd754d32e7 \
    --hash=sha256:6ed0be1ee58eef41231a5c943d7d1375f093142702d5723ca2eb07db9b934b05 \
    --hash=sha256:7cdde6de52fb6664b00b056341265441192d1291c130e99183ec0d4b110ff8b1 \
    --hash=sha256:7df2de1e4fba69a51c06c28f5a3de36731eb9639feb8e1cf7e4a7b0daf4cf622 \
    --hash=sha256:7edc794af8b36ca37ef5fcb5e0d128c7e0595c7b96a2318d1badb6fcd8ee86b1 \
    --hash=sha256:7f54844851cdb630ceb623dcec4db3240d1ac13d4990532446761baede94996a \
    --hash=sha256:805cc8de9fd6e7a22da5aed858e0ab16be5a4db6c873dde1d7451c541553aa27 \
    --hash=sha256:8906e71fd8afcb76580404e2a950caef2685df3d2a57fe82a86ac8d33cc007ba \
    --hash=sha256:89f7268c009bc492f506abd6f5265defa7cb3f7487dc21d357c3d290add45082 \
    --hash=sha256:8c50dd1fc8826f5b26a5ee4d77ca55d88a895f4e4819c7ecc2a9f5905047a443 \
    --hash=sha256:8e4549f8a3c6d13d55041925e912bfd834285ef1dd64d6bc7d542583355e2e98 \
    --hash=sha256:8e9afaeb0beff068b4d9cd20d322ba0ee1cecfb0b08db145e4ab4dd44a6b5110 \
    --hash=sha256:98f16a80e917003a12c0580f97b5f875853ebc33e2eaa4bccfc8201ac6869308 \
    --hash=sha256:9e35d3e0144137d9fdae62912e869136164534d64a169f86438bc9561b6ad49f \
    --hash=sha256:9e4424677ce4b47fe73c8b5556d876571f7c6945d264201180db2dc34f676ab5 \
    --hash=sha256:adb6ed2ad29b9e15321d167d152ee909ec73395901b70936f029c3bc6d7f4460 \
    --hash=sha256:aea4f66ff44dfddf8c2cffd66ba6538c5ec67d389285292fe428cb2c738c8aef \
    --hash=sha256:b21041e8cb6a1eb5312dd1d2f80a94d91efffb7a06b70597d44f1bd2dfc315ab \
    --hash=sha256:b2f0073ed0868db1dcd86e052d37279eef185b9c8db5bf61f30f46adac63c909 \
    --hash=sha256:b3a24467af63c67829bfaa61eecf18d5432d4f11992688537be59ecd6ad32f5e \
    --hash=sha256:b9c618d56a29c9cb1c4da979e9899be7578d2e0b3c24d52079c166324c9e8695 \
    --hash=sha256:bba37bc29d4d85761deed3954a1bc62be7cf462b9510b51d367b769a8c8df325 \
    --hash=sha256:bd3a7a9f5847d2fb8c2c6d1c862fa109c31a9abeca1a3c2bd5a64572955b2979 \
    --hash=sha256:be71bf1edb48ebbbf7f6337b5bfd2f895d1902f6335a5830b20141fc126ffba0 \
    --hash=sha256:c02ef4401a506fb60b411467ad501e1429a3487abca4664871d9ae0b46c8ba32 \
    --hash=sha256:c3cd545784805de05aafe1dde61752ea49a359ccba9760c1e5d1c88a93bbf2b7 \
    --hash=sha256:c7ac672d699bf36275c035e16b65539931347d68b70667d28984c9fb34e07fa7 \
    --hash=sha256:cb7bbb88aa74908950d979eeaa24dbdf1a865e3c7e45ff0121d8f70387b55f73 \
    --hash=sha256:cd2bd2bbed13e213d6b55dc1d035a4f91748a7d3edc9480c13898b0353708920 \
    --hash=sha256:cda077c2e5b780200b6b3e09d0b42205a3d1c68f30c6dceb90401c13bff8fe74 \
    --hash=sha256:cf28c0c1d4c4bf00f509fa7eb02c58d7caf221b50b467bcb0d9bbf1584d5c821 \
    --hash=sha256:d0d9b7c93578baafcbc5f0b83eaf17b79d345c6f36917ba0c67f45226911d499 \
    --hash=sha256:d1240d50adff70c2a88217698ca844723068533f3f5c5fa6ee2e3220e3bdb000 \
    --hash=sha256:d30291931c915b2ab5717c2974bb95ee891a1cf22ebc16a8006bd59cd210d40a \
    --hash=sha256:d9f64d786b3b1dd742c946c42d15b07497ed14af1a1f3ce840cce27daa0ce913 \
    --hash=sha256:da6cad4e82cb893db4b69105c604d805e0c3ce11501a55b5e9f9083b47d2ffe8 \
    --hash=sha256:df1b10187212b198dd45fa943d8985a3c8cf854aed4923796e0e019e113a1bda \
    --hash=sha256:e04ae107ac591763a47398bb45b568fc38f02dbc4aa44c063f67a131f99346cb \
    --hash=sha256:e6dee3bb76aa4009d5a912180bf5b2de012532998d094acee25d9cb8dee3e44a \
    --hash=sha256:e7e88598032542bd49af7c4747541422884219056c268823ef6e5e89851c8825 \
    --hash=sha256:e98c97502435b53741540a5717a6749ac2ada901056c7db951d33e11c885cc7d \
    --hash=sha256:ec055f6dae239a6299cace477b479cca2fc125c5675482daf1dd886933a1076f \
    --hash=sha256:f74f0f7779cc7ae07d1810aab8ac6b1464c3eafb9e283a40da7309d5e6e48fbb \
    --hash=sha256:fbde1b0c6e81d56f5dccd95dd4a711d9b95df1ae4009a60887e56b27e8d903fa \
    --hash=sha256:fcf92bee92742edd401ba41135185866f7026c502617f422eb432cfeca4fe236 \
    --hash=sha256:fd49860271d52127d61197bb50b64f58454e9f578cb4b2c001a6de8b1f50b0b1
    # via
    #   -r satellite/requirements.txt
    #   onnxruntime
    #   scikit-learn
    #   scipy
    #   tflite-runtime
onnxruntime==1.28.0 \
    --hash=sha256:07fb3cbe990d6bf0ab3c22bfbbfb0e314151266046ea6edb4a07f556b4258c5f \
    --hash=sha256:0a83bdb70d143cede762b677789bf2a7acca54b3fb82565601d5c30695aa933c \
    --hash=sha256:0d650aeee29368414367b65529e90afe4bf1bab76254789063b8b2f7ea3013c8 \
    --hash=sha256:0faf85fb447a663c9cdadc39bd6b19bdf7bedded6699e45731b9b36c46fd993d \
    --hash=sha256:1a1a19175464665c9b8d50bc916f216cc0b569110045b7bbca8f9f290b186f58 \
    --hash=sha256:26ff0fdd06efb6c155bae95387a09db1a2be89c7a03e4d0bffd5a171cc2826da \
    --hash=sha256:31410f544674f534c2f27348af52ef81682ca9c8719154bf4d48f0ef23823b1e \
    --hash=sha256:4e81a23df16e7acb9d51b06d30cc098e49315ef9180f97bc2221d167b4b04d9c \
    --hash=sha256:4f6e92367ddce1e4d33cf295024f40192be6c6171a09208f515ba169ced06c8e \
    --hash=sha256:54fa221d669282bd8f582708ce4c96010a7e9fb0661f9006b37fe2fedafb73fe \
    --hash=sha256:6afdc83f1317c136e92fc29f5ee9f058de59d87c0b22cee3fdbfbaa0ccc2098a \
    --hash=sha256:8adff67a3f28257b37cfe945a7e952e4122666aa8c91a0380862e9fd4c2ed19f \
    --hash=sha256:8d66f9ceb29909c70839e4e4fb3435c7b490050d8f162bd5f3aba4ca01ee517f \
    --hash=sha256:a166b78ee04f3a37fa1ef82034b6a3ce96d9684e582d4d30b296de83e9998bb5 \
    --hash=sha256:ac301f53b1930402fc46c368e268acfed02f3207272aaff05070d7e09f96f031 \
    --hash=sha256:bc2565e487b4896fb988d6383577d875d958e071fc5f6c3550bd5d02ae98264b \
    --hash=sha256:c35064f9b3c43c81c5d5d282091401d0f1ff22796d93ccade4ea2ece5e137ab8 \
    --hash=sha256:cfab507abe09d6ffeb817eee07944d452fdc0b00fdcef34cab4db10a45e378c7 \
    --hash=sha256:e02feeb0165c5f13b4cc954738078d59b90128516ac12b671ee24a530242bf02 \
    --hash=sha256:e562d6e36a749f6764481c0ddb0f2af3d0b5a3c164291361d08803c557f369af \
    --hash=sha256:f2a3b9e30ce880d4ca54999cb313569e36da4f62eefe25f87be18f43e9a3a4d5 \
    --hash=sha256:f5c5daabd28aad610f83fdcf32acec8fb57e6adc6c6a39fe2a3c755db957b410 \
    --hash=sha256:f649dd6f6452d12a8059888aa489fe519e062e18793dac72b9efa0f9fdb64135 \
    --hash=sha256:f7f022a1103cae591c75fc4565589a515f2ddd14a6ac8e8a05812dfeda142e28
    # via openwakeword
openwakeword==0.6.0 \
    --hash=sha256:36858d90f1183e307485597a912a4e3c3384b14ea9923f83feaffae7c1565565 \
    --hash=sha256:6f423a4e3ae9dd0e3cd12b50ff8abf69679f687b4ab349d7c82c021c0e2abc9d
    # via -r satellite/requirements.txt
packaging==26.2 \
    --hash=sha256:5fc45236b9446107ff2415ce77c807cee2862cb6fac22b8a73826d0693b0980e \
    --hash=sha256:ff452ff5a3e828ce110190feff1178bb1f2ea2281fa2075aadb987c2fb221661
    # via onnxruntime
protobuf==7.35.1 \
    --hash=sha256:11d6b0ec246892d85215b0a13ca6e0233cf5284b68f0ac02646427f4ff88a799 \
    --hash=sha256:230a75ddfc2de4806e56696ce9640c1cdfdb6543b7cfce98d42a4c0a0e7bdb87 \
    --hash=sha256:24f857477359a85c0c235261b8ba905fd51b2562f4a64ca1df5473f29850cbf6 \
    --hash=sha256:353652e4efd0bca5b5fc2656abf8307ef351f0cf938c9eba09f0e09c20a25c30 \
    --hash=sha256:4bc97768d8fe4ad6743c8a19403e314511ed9f6d13205b687e52421c023ac1b9 \
    --hash=sha256:74758715c53d7158fb76caf4f0cfdacc5329a4b1bb994f865d6cf302d413a1c4 \
    --hash=sha256:b73f9489a4b8b1c9cb1f8ed951c736392592edb24b9d6819f36d2e10b171d5b4 \
    --hash=sha256:ce115a26fe0c39a2c29973d914d327e516a6455464489fe3cd1e51a1b354f81a
    # via onnxruntime
pycparser==3.0 \
    --hash=sha256:600f49d217304a5902ac3c37e1281c9fe94e4d0489de643a9504c5cdfdfc6b29 \
    --hash=sha256:b727414169a36b7d524c1c3e31839a521725078d7b2ff038656844266160a992
    # via cffi
requests==2.32.5 \
    --hash=sha256:2462f94637a34fd532264295e186976db0f5d453d1cdd31473c85a6a161affb6 \
    --hash=sha256:dbba0bac56e100853db0ea71b82b4dfd5fe2bf6d3754a8893c3af500cec7d7cf
    # via
    #   -r satellite/requirements.txt
    #   openwakeword
rfc8785==0.1.4 \
    --hash=sha256:520d690b448ecf0703691c76e1a34a24ddcd4fc5bc41d589cb7c58ec651bcd48 \
    --hash=sha256:e545841329fe0eee4f6a3b44e7034343100c12b4ec566dc06ca9735681deb4da
    # via -r satellite/requirements.txt
scikit-learn==1.9.0 \
    --hash=sha256:051075bda8b7aab87b1906ab3d4740a1e1224a19d7b3781a576736edc94e76aa \
    --hash=sha256:056c92bb67ad4c28463c2f2653d9701449201e7e7a9e94e321be0f71c4fef2b8 \
    --hash=sha256:147e9329ef0e39f75d4cffa02b2aa48d827832684926cd5210d9a2cb5c57246b \
    --hash=sha256:1b944b6db288f6b926e3650026ddafb988929de95d11fc2cc5fa117773c9ba42 \
    --hash=sha256:1fea2cc5677ab49d6f5bade978c866da44957b712d92e9635e8b4f723013c3cb \
    --hash=sha256:24360002ae845e7866522b0a5bbf690802e7bc388cac8663502e78aa98598aa2 \
    --hash=sha256:26e22435f63bcdcf396b574273f29f13dd531f5ea035801f5be10ba1540a4e60 \
    --hash=sha256:2bd41b0d201bc81575531b96b713d3eb5e5f50fb0b82101ff0f92294fdc236ac \
    --hash=sha256:366652351f092b219c248f1e72821e841960a63d8f358f1dcfd54dc1cbdbbc28 \
    --hash=sha256:38c3dcb9a1ffb85505ec53d54c7b4aea0cff70050425a7760c2af661ac85df05 \
    --hash=sha256:4306775fad04cc4b472a1b15af1ae9cede1540fbfcc17fbce3767cd8dc7ae283 \
    --hash=sha256:4ccacf04ca5f4b492158a5f28afe0ace43f81b2571e4b9a66d34848b46128949 \
    --hash=sha256:5162ad10a418c8a282dde04c9aa06965de3e9a65f33c1440c0ae69bb1a09d913 \
    --hash=sha256:5808d98f15c6bf6d9d96d2348c1997392a5888ce7097e664105f930c4bca1277 \
    --hash=sha256:5b934c45c252844a91d69fda3a34cff5e7307e1db10d77cb10a3980312c74713 \
    --hash=sha256:5bad8f8b9950321b54c965fdcbac6c6c55e79e16646b49977bcf3668d3870a1a \
    --hash=sha256:5be45aa4a42a68a533913a6ed736cf309de2226411c79ef8d609a5456f1939b1 \
    --hash=sha256:5dc1818c77575d149e25fce9ef82dd7b7263ae372f03494158668ad632a69759 \
    --hash=sha256:5e50ed4da51974e86e940690e9a3d82e729b62b5a49f7c9bac534d515d39d86f \
    --hash=sha256:64fa347efc1c839c487433e40c5144d38c336e8a2b59c81aa8660373945c2673 \
    --hash=sha256:78fc56eafd4edb9575d2d8950d1dd152061abb573341a1cb7e099fc40f6c6666 \
    --hash=sha256:80746d63bd4b6eaca54d36fe5feaf4d28bb38dc6f9470f81c7cad7c40155f119 \
    --hash=sha256:8833266989d3a5110178a9fae30783675460724d0e1efb13b14901d2c660c557 \
    --hash=sha256:9656acd4e93f74e0b66c8a36c88830a99252dfa900044d36bc2212ae89a47162 \
    --hash=sha256:9db6f4d34e68c8899e4cab27fdf8eafe6ed21f2ba52ceb25ea250cd237f8e47b \
    --hash=sha256:d77f54c017633791bc0225a43e2f8d03745fdcfe4880268fcc4df15f505dec2e \
    --hash=sha256:da76d09304a4706db7cc1e3ebaa3b6b98a67365cc11d2996c4f1e58ba47df714 \
    --hash=sha256:ee1a8db2c18c08e34c7412d4b10be1cac214cd4ea7dc9715a6a327eb49a37c96 \
    --hash=sha256:f401448645a3e7bc115aa3c094097865155b34bff1cba8101857d9104e99074c \
    --hash=sha256:f7e254636164090da847715a27f8e5478feb98c40a9e0ee90cbd277de9e5ceb8 \
    --hash=sha256:fd3a8ef0c758555a3b23c03adaa858af32f7736785ded50ad5991f59c4ed03fa
    # via openwakeword
scipy==1.17.1 \
    --hash=sha256:010f4333c96c9bb1a4516269e33cb5917b08ef2166d5556ca2fd9f082a9e6ea0 \
    --hash=sha256:02ae3b274fde71c5e92ac4d54bc06c42d80e399fec704383dcd99b301df37458 \
    --hash=sha256:08b900519463543aa604a06bec02461558a6e1cef8fdbb8098f77a48a83c8118 \
    --hash=sha256:131f5aaea57602008f9822e2115029b55d4b5f7c070287699fe45c661d051e39 \
    --hash=sha256:158dd96d2207e21c966063e1635b1063cd7787b627b6f07305315dd73d9c679e \
    --hash=sha256:1cc682cea2ae55524432f3cdff9e9a3be743d52a7443d0cba9017c23c87ae2f6 \
    --hash=sha256:1f95b894f13729334fb990162e911c9e5dc1ab390c58aa6cbecb389c5b5e28ec \
    --hash=sha256:200e1050faffacc162be6a486a984a0497866ec54149a01270adc8a59b7c7d21 \
    --hash=sha256:2040ad4d1795a0ae89bfc7e8429677f365d45aa9fd5e4587cf1ea737f927b4a1 \
    --hash=sha256:2b64ca7d4aee0102a97f3ba22124052b4bd2152522355073580bf4845e2550b6 \
    --hash=sha256:2ceb2d3e01c5f1d83c4189737a42d9cb2fc38a6eeed225e7515eef71ad301dce \
    --hash=sha256:35c3a56d2ef83efc372eaec584314bd0ef2e2f0d2adb21c55e6ad5b344c0dcb8 \
    --hash=sha256:37425bc9175607b0268f493d79a292c39f9d001a357bebb6b88fdfaff13f6448 \
    --hash=sha256:3877ac408e14da24a6196de0ddcace62092bfc12a83823e92e49e40747e52c19 \
    --hash=sha256:3fd1fcdab3ea951b610dc4cef356d416d5802991e7e32b5254828d342f7b7e0b \
    --hash=sha256:41b71f4a3a4cab9d366cd9065b288efc4d4f3c0b37a91a8e0947fb5bd7f31d87 \
    --hash=sha256:43af8d1f3bea642559019edfe64e9b11192a8978efbd1539d7bc2aaa23d92de4 \
    --hash=sha256:45abad819184f07240d8a696117a7aacd39787af9e0b719d00285549ed19a1e9 \
    --hash=sha256:4b400bdc6f79fa02a4d86640310dde87a21fba0c979efff5248908c6f15fad1b \
    --hash=sha256:4eb6c25dd62ee8d5edf68a8e1c171dd71c292fdae95d8aeb3dd7d7de4c364082 \
    --hash=sha256:581b2264fc0aa555f3f435a5944da7504ea3a065d7029ad60e7c3d1ae09c5464 \
    --hash=sha256:5cf36e801231b6a2059bf354720274b7558746f3b1a4efb43fcf557ccd484a87 \
    --hash=sha256:5e3c5c011904115f88a39308379c17f91546f77c1667cea98739fe0fccea804c \
    --hash=sha256:6609bc224e9568f65064cfa72edc0f24ee6655b47575954ec6339534b2798369 \
    --hash=sha256:6e3dcd57ab780c741fde8dc68619de988b966db759a3c3152e8e9142c26295ad \
    --hash=sha256:6fac755ca3d2c3edcb22f479fceaa241704111414831ddd3bc6056e18516892f \
    --hash=sha256:744b2bf3640d907b79f3fd7874efe432d1cf171ee721243e350f55234b4cec4c \
    --hash=sha256:74cbb80d93260fe2ffa334efa24cb8f2f0f622a9b9febf8b483c0b865bfb3475 \
    --hash=sha256:766e0dc5a616d026a3a1cffa379af959671729083882f50307e18175797b3dfd \
    --hash=sha256:7bdf2da170b67fdf10bca777614b1c7d96ae3ca5794fd9587dce41eb2966e866 \
    --hash=sha256:7ff200bf9d24f2e4d5dc6ee8c3ac64d739d3a89e2326ba68aaf6c4a2b838fd7d \
    --hash=sha256:844e165636711ef41f80b4103ed234181646b98a53c8f05da12ca5ca289134f6 \
    --hash=sha256:8a604bae87c6195d8b1045eddece0514d041604b14f2727bbc2b3020172045eb \
    --hash=sha256:94055a11dfebe37c656e70317e1996dc197e1a15bbcc351bcdd4610e128fe1ca \
    --hash=sha256:95d8e012d8cb8816c226aef832200b1d45109ed4464303e997c5b13122b297c0 \
    --hash=sha256:9cdc1a2fcfd5c52cfb3045feb399f7b3ce822abdde3a193a6b9a60b3cb5854ca \
    --hash=sha256:9ecb4efb1cd6e8c4afea0daa91a87fbddbce1b99d2895d151596716c0b2e859d \
    --hash=sha256:a3472cfbca0a54177d0faa68f697d8ba4c80bbdc19908c3465556d9f7efce9ee \
    --hash=sha256:a4328d245944d09fd639771de275701ccadf5f781ba0ff092ad141e017eccda4 \
    --hash=sha256:a48a72c77a310327f6a3a920092fa2b8fd03d7deaa60f093038f22d98e096717 \
    --hash=sha256:a720477885a9d2411f94a93d16f9d89bad0f28ca23c3f8daa521e2dcc3f44d49 \
    --hash=sha256:a77cbd07b940d326d39a1d1b37817e2ee4d79cb30e7338f3d0cddffae70fcaa2 \
    --hash=sha256:a9956e4d4f4a301ebf6cde39850333a6b6110799d470dbbb1e25326ac447f52a \
    --hash=sha256:adb2642e060a6549c343603a3851ba76ef0b74cc8c079a9a58121c7ec9fe2350 \
    --hash=sha256:beeda3d4ae615106d7094f7e7cef6218392e4465cc95d25f900bebabfded0950 \
    --hash=sha256:c80be5ede8f3f8eded4eff73cc99a25c388ce98e555b17d31da05287015ffa5b \
    --hash=sha256:cc90d2e9c7e5c7f1a482c9875007c095c3194b1cfedca3c2f3291cdc2bc7c086 \
    --hash=sha256:cd96a1898c0a47be4520327e01f874acfd61fb48a9420f8aa9f6483412ffa444 \
    --hash=sha256:d2650c1fb97e184d12d8ba010493ee7b322864f7d3d00d3f9bb97d9c21de4068 \
    --hash=sha256:d30e57c72013c2a4fe441c2fcb8e77b14e152ad48b5464858e07e2ad9fbfceff \
    --hash=sha256:d59c30000a16d8edc7e64152e30220bfbd724c9bbb08368c054e24c651314f0a \
    --hash=sha256:dbc12c9f3d185f5c737d801da555fb74b3dcfa1a50b66a1a93e09190f41fab50 \
    --hash=sha256:e18f12c6b0bc5a592ed23d3f7b891f68fd7f8241d69b7883769eb5d5dfb52696 \
    --hash=sha256:e19ebea31758fac5893a2ac360fedd00116cbb7628e650842a6691ba7ca28a21 \
    --hash=sha256:e30bdeaa5deed6bc27b4cc490823cd0347d7dae09119b8803ae576ea0ce52e4c \
    --hash=sha256:eb092099205ef62cd1782b006658db09e2fed75bffcae7cc0d44052d8aa0f484 \
    --hash=sha256:eee2cfda04c00a857206a4330f0c5e3e56535494e30ca445eb19ec624ae75118 \
    --hash=sha256:f4115102802df98b2b0db3cce5cb9b92572633a1197c77b7553e5203f284a5b3 \
    --hash=sha256:f590cd684941912d10becc07325a3eeb77886fe981415660d9265c4c418d0bea \
    --hash=sha256:f8885db0bc2bffa59d5c1b72fad7a6a92d3e80e7257f967dd81abb553a90d293 \
    --hash=sha256:fcb310ddb270a06114bb64bbe53c94926b943f5b7f0842194d585c65eb4edd76
    # via
    #   openwakeword
    #   scikit-learn
sounddevice==0.5.3 \
    --hash=sha256:278dc4451fff70934a176df048b77d80d7ce1623a6ec9db8b34b806f3112f9c2 \
    --hash=sha256:845d6927bcf14e84be5292a61ab3359cf8e6b9145819ec6f3ac2619ff089a69c \
    --hash=sha256:cbac2b60198fbab84533697e7c4904cc895ec69d5fb3973556c9eb74a4629b2c \
    --hash=sha256:ea7738baa0a9f9fef7390f649e41c9f2c8ada776180e56c2ffd217133c92a806 \
    --hash=sha256:f55ad20082efc2bdec06928e974fbcae07bc6c405409ae1334cefe7d377eb687
    # via -r satellite/requirements.txt
tflite-runtime==2.14.0 \
    --hash=sha256:195ab752e7e57329a68e54dd3dd5439fad888b9bff1be0f0dc042a3237a90e4d \
    --hash=sha256:437167fe3d8b12f50f5d694da8f45d268ab84a495e24c3dd810e02e1012125de \
    --hash=sha256:4aa740210a0fd9e4db4a46e9778914846b136e161525681b41575ca4896158fb \
    --hash=sha256:79d8e17f68cc940df7e68a177b22dda60fcffba195fb9dd908d03724d65fd118 \
    --hash=sha256:7fe33f763263d1ff2733a09945a7547ab063d8bc311fd2a1be8144d850016ad3 \
    --hash=sha256:9f965054467f7890e678943858c6ac76a5197b17f61b48dcbaaba0af41d541a7 \
    --hash=sha256:bb11df4283e281cd609c621ac9470ad0cb5674408593272d7593a2c6bde8a808 \
    --hash=sha256:be198b7dc4401204be54a15884d9e336389790eb707439524540f5a9329fdd02 \
    --hash=sha256:c4e66a74165b18089c86788400af19fa551768ac782d231a9beae2f6434f7949 \
    --hash=sha256:ce9fa5d770a9725c746dcbf6f59f3178233b3759f09982e8b2db8d2234c333b0 \
    --hash=sha256:d38c6885f5e9673c11a61ccec5cad7c032ab97340718d26b17794137f398b780 \
    --hash=sha256:eca7672adca32727bbf5c0f1caf398fc17bbe222f2a684c7a2caea6fc6767203
    # via openwakeword
threadpoolctl==3.6.0 \
    --hash=sha256:43a0b8fd5a2928500110039e43a5eed8480b918967083ea48dc3ab9f13c4a7fb \
    --hash=sha256:8ab8b4aa3491d812b623328249fab5302a68d2d71745c8a4c719a2fcaba9f44e
    # via scikit-learn
tqdm==4.70.0 \
    --hash=sha256:55b0b0dbd97462d06ebee91e4dac24ed4d4702be82b24f07e6c1d27e08cea220 \
    --hash=sha256:7f585706bfddbdebf89daac705b2dfcc16890130727d3197ca62c732b4310953
    # via openwakeword
urllib3==2.7.0 \
    --hash=sha256:231e0ec3b63ceb14667c67be60f2f2c40a518cb38b03af60abc813da26505f4c \
    --hash=sha256:9fb4c81ebbb1ce9531cce37674bbc6f1360472bc18ca9a553ede278ef7276897
    # via requests
